{
  "version": 4,
  "terraform_version": "1.1.0",
  "serial": 26,
  "lineage": "ea98a207-0d61-705e-ba4f-a7a0fa7e80d6",
  "outputs": {},
  "resources": [
    {
      "mode": "data",
      "type": "aws_iam_policy_document",
      "name": "stepfucntion_assume_role_policy",
      "provider": "provider[\"registry.terraform.io/hashicorp/aws\"]",
      "instances": [
        {
          "schema_version": 0,
          "attributes": {
            "id": "2478221018",
            "json": "{\n  \"Version\": \"2012-10-17\",\n  \"Statement\": [\n    {\n      \"Sid\": \"\",\n      \"Effect\": \"Allow\",\n      \"Action\": \"sts:AssumeRole\",\n      \"Principal\": {\n        \"Service\": \"states.amazonaws.com\"\n      }\n    }\n  ]\n}",
            "override_json": null,
            "override_policy_documents": null,
            "policy_id": null,
            "source_json": null,
            "source_policy_documents": null,
            "statement": [
              {
                "actions": [
                  "sts:AssumeRole"
                ],
                "condition": [],
                "effect": "Allow",
                "not_actions": [],
                "not_principals": [],
                "not_resources": [],
                "principals": [
                  {
                    "identifiers": [
                      "states.amazonaws.com"
                    ],
                    "type": "Service"
                  }
                ],
                "resources": [],
                "sid": ""
              }
            ],
            "version": "2012-10-17"
          },
          "sensitive_attributes": []
        }
      ]
    },
    {
      "mode": "managed",
      "type": "aws_dynamodb_table",
      "name": "sandboxes",
      "provider": "provider[\"registry.terraform.io/hashicorp/aws\"]",
      "instances": [
        {
          "schema_version": 1,
          "attributes": {
            "arn": "arn:aws:dynamodb:eu-central-1:060145854113:table/GameScores",
            "attribute": [
              {
                "name": "account_id",
                "type": "S"
              },
              {
                "name": "launched",
                "type": "S"
              }
            ],
            "billing_mode": "PROVISIONED",
            "global_secondary_index": [
              {
                "hash_key": "launched",
                "name": "Launched",
                "non_key_attributes": [],
                "projection_type": "ALL",
                "range_key": "account_id",
                "read_capacity": 10,
                "write_capacity": 10
              }
            ],
            "hash_key": "account_id",
            "id": "GameScores",
            "local_secondary_index": [],
            "name": "GameScores",
            "point_in_time_recovery": [
              {
                "enabled": false
              }
            ],
            "range_key": null,
            "read_capacity": 20,
            "replica": [],
            "restore_date_time": null,
            "restore_source_name": null,
            "restore_to_latest_time": null,
            "server_side_encryption": [],
            "stream_arn": "",
            "stream_enabled": false,
            "stream_label": "",
            "stream_view_type": "",
            "table_class": "",
            "tags": {
              "Environment": "development",
              "Name": "sandboxes"
            },
            "tags_all": {
              "Environment": "development",
              "Name": "sandboxes"
            },
            "timeouts": null,
            "ttl": [
              {
                "attribute_name": "",
                "enabled": false,
                "kms_key_arn": ""
              }
            ],
            "write_capacity": 20
          },
          "sensitive_attributes": [],
          "private": "eyJlMmJmYjczMC1lY2FhLTExZTYtOGY4OC0zNDM2M2JjN2M0YzAiOnsiY3JlYXRlIjoxMjAwMDAwMDAwMDAwLCJkZWxldGUiOjYwMDAwMDAwMDAwMCwidXBkYXRlIjozNjAwMDAwMDAwMDAwfSwic2NoZW1hX3ZlcnNpb24iOiIxIn0="
        }
      ]
    },
    {
      "mode": "managed",
      "type": "aws_iam_policy",
      "name": "stepfunction_xray",
      "provider": "provider[\"registry.terraform.io/hashicorp/aws\"]",
      "instances": [
        {
          "schema_version": 0,
          "attributes": {
            "arn": "arn:aws:iam::060145854113:policy/stepfunction_xray_access",
            "description": "",
            "id": "arn:aws:iam::060145854113:policy/stepfunction_xray_access",
            "name": "stepfunction_xray_access",
            "name_prefix": null,
            "path": "/",
            "policy": "{\"Statement\":[{\"Action\":[\"xray:PutTraceSegments\",\"xray:PutTelemetryRecords\",\"xray:GetSamplingRules\",\"xray:GetSamplingTargets\"],\"Effect\":\"Allow\",\"Resource\":[\"*\"]}],\"Version\":\"2012-10-17\"}",
            "policy_id": "ANPAQ4AHY42QYA6OWP22O",
            "tags": {},
            "tags_all": {}
          },
          "sensitive_attributes": [],
          "private": "bnVsbA=="
        }
      ]
    },
    {
      "mode": "managed",
      "type": "aws_iam_role",
      "name": "launch_sandbox",
      "provider": "provider[\"registry.terraform.io/hashicorp/aws\"]",
      "instances": [
        {
          "schema_version": 0,
          "attributes": {
            "arn": "arn:aws:iam::060145854113:role/launch_sandbox_service",
            "assume_role_policy": "{\"Version\":\"2012-10-17\",\"Statement\":[{\"Sid\":\"\",\"Effect\":\"Allow\",\"Principal\":{\"Service\":\"states.amazonaws.com\"},\"Action\":\"sts:AssumeRole\"}]}",
            "create_date": "2022-01-05T15:14:39Z",
            "description": "",
            "force_detach_policies": false,
            "id": "launch_sandbox_service",
            "inline_policy": [
              {
                "name": "launch_sandbox_role",
                "policy": "{\"Statement\":[{\"Action\":[\"dynamodb:GetItem\"],\"Effect\":\"Allow\",\"Resource\":[\"*\"]}],\"Version\":\"2012-10-17\"}"
              }
            ],
            "managed_policy_arns": [],
            "max_session_duration": 3600,
            "name": "launch_sandbox_service",
            "name_prefix": "",
            "path": "/",
            "permissions_boundary": null,
            "tags": {},
            "tags_all": {},
            "unique_id": "AROAQ4AHY42QY3L7VMFGY"
          },
          "sensitive_attributes": [],
          "private": "bnVsbA==",
          "dependencies": [
            "data.aws_iam_policy_document.stepfucntion_assume_role_policy"
          ]
        }
      ]
    },
    {
      "mode": "managed",
      "type": "aws_iam_role",
      "name": "register_sandbox",
      "provider": "provider[\"registry.terraform.io/hashicorp/aws\"]",
      "instances": [
        {
          "schema_version": 0,
          "attributes": {
            "arn": "arn:aws:iam::060145854113:role/register_sandbox_service",
            "assume_role_policy": "{\"Version\":\"2012-10-17\",\"Statement\":[{\"Sid\":\"\",\"Effect\":\"Allow\",\"Principal\":{\"Service\":\"states.amazonaws.com\"},\"Action\":\"sts:AssumeRole\"}]}",
            "create_date": "2022-01-05T15:05:53Z",
            "description": "",
            "force_detach_policies": false,
            "id": "register_sandbox_service",
            "inline_policy": [
              {
                "name": "register_sandbox_role",
                "policy": "{\"Statement\":[{\"Action\":[\"dynamodb:PutItem\"],\"Effect\":\"Allow\",\"Resource\":[\"*\"]}],\"Version\":\"2012-10-17\"}"
              }
            ],
            "managed_policy_arns": [],
            "max_session_duration": 3600,
            "name": "register_sandbox_service",
            "name_prefix": "",
            "path": "/",
            "permissions_boundary": null,
            "tags": {},
            "tags_all": {},
            "unique_id": "AROAQ4AHY42Q26KXUYWWQ"
          },
          "sensitive_attributes": [],
          "private": "bnVsbA==",
          "dependencies": [
            "data.aws_iam_policy_document.stepfucntion_assume_role_policy"
          ]
        }
      ]
    },
    {
      "mode": "managed",
      "type": "aws_iam_role_policy_attachment",
      "name": "launch_sandbox_xray",
      "provider": "provider[\"registry.terraform.io/hashicorp/aws\"]",
      "instances": [
        {
          "schema_version": 0,
          "attributes": {
            "id": "launch_sandbox_service-20220105151641830000000001",
            "policy_arn": "arn:aws:iam::060145854113:policy/stepfunction_xray_access",
            "role": "launch_sandbox_service"
          },
          "sensitive_attributes": [],
          "private": "bnVsbA==",
          "dependencies": [
            "aws_iam_policy.stepfunction_xray",
            "aws_iam_role.launch_sandbox"
          ]
        }
      ]
    },
    {
      "mode": "managed",
      "type": "aws_iam_role_policy_attachment",
      "name": "register_sandbox_xray",
      "provider": "provider[\"registry.terraform.io/hashicorp/aws\"]",
      "instances": [
        {
          "schema_version": 0,
          "attributes": {
            "id": "register_sandbox_service-20220105151641830000000002",
            "policy_arn": "arn:aws:iam::060145854113:policy/stepfunction_xray_access",
            "role": "register_sandbox_service"
          },
          "sensitive_attributes": [],
          "private": "bnVsbA==",
          "dependencies": [
            "aws_iam_policy.stepfunction_xray",
            "aws_iam_role.register_sandbox"
          ]
        }
      ]
    },
    {
      "mode": "managed",
      "type": "aws_sfn_state_machine",
      "name": "launch_sandbox",
      "provider": "provider[\"registry.terraform.io/hashicorp/aws\"]",
      "instances": [
        {
          "schema_version": 0,
          "attributes": {
            "arn": "arn:aws:states:eu-central-1:060145854113:stateMachine:launch_sandbox",
            "creation_date": "2022-01-05T15:14:43Z",
            "definition": "{\n  \"Comment\": \"Assign a sandbox to a user\",\n  \"StartAt\": \"RegisterSandbox\",\n  \"States\": {\n    \"RegisterSandbox\": {\n      \"Type\": \"Task\",\n      \"Resource\": \"arn:aws:states:::dynamodb:putItem\",\n      \"Parameters\": {\n        \"TableName\": \"GameScores\",\n        \"Item\": {\n          \"account_id\": {\n            \"S.$\": \"$.account_id\"\n          },\n          \"launched\": {\n            \"S\": \"false\"\n          },\n          \"username\": {\n            \"S\": \"\"\n          },\n          \"user_arn\": {\n            \"S\": \"\"\n          }\n        }\n      },\n      \"End\": true\n    }\n  }\n}\n",
            "id": "arn:aws:states:eu-central-1:060145854113:stateMachine:launch_sandbox",
            "logging_configuration": [
              {
                "include_execution_data": false,
                "level": "OFF",
                "log_destination": ""
              }
            ],
            "name": "launch_sandbox",
            "role_arn": "arn:aws:iam::060145854113:role/register_sandbox_service",
            "status": "ACTIVE",
            "tags": {},
            "tags_all": {},
            "tracing_configuration": [
              {
                "enabled": false
              }
            ],
            "type": "STANDARD"
          },
          "sensitive_attributes": [],
          "private": "bnVsbA==",
          "dependencies": [
            "data.aws_iam_policy_document.stepfucntion_assume_role_policy",
            "aws_iam_role.register_sandbox"
          ]
        }
      ]
    },
    {
      "mode": "managed",
      "type": "aws_sfn_state_machine",
      "name": "register_sandbox",
      "provider": "provider[\"registry.terraform.io/hashicorp/aws\"]",
      "instances": [
        {
          "schema_version": 0,
          "attributes": {
            "arn": "arn:aws:states:eu-central-1:060145854113:stateMachine:register_sandbox",
            "creation_date": "2022-01-05T15:05:56Z",
            "definition": "{\n  \"Comment\": \"Add a new sandbox account to the sandbox pool\",\n  \"StartAt\": \"RegisterSandbox\",\n  \"States\": {\n    \"RegisterSandbox\": {\n      \"Type\": \"Task\",\n      \"Resource\": \"arn:aws:states:::dynamodb:putItem\",\n      \"Parameters\": {\n        \"TableName\": \"GameScores\",\n        \"Item\": {\n          \"account_id\": {\n            \"S.$\": \"$.account_id\"\n          },\n          \"launched\": {\n            \"S\": \"false\"\n          },\n          \"username\": {\n            \"S\": \"\"\n          },\n          \"user_arn\": {\n            \"S\": \"\"\n          }\n        }\n      },\n      \"End\": true\n    }\n  }\n}\n",
            "id": "arn:aws:states:eu-central-1:060145854113:stateMachine:register_sandbox",
            "logging_configuration": [
              {
                "include_execution_data": false,
                "level": "OFF",
                "log_destination": ""
              }
            ],
            "name": "register_sandbox",
            "role_arn": "arn:aws:iam::060145854113:role/register_sandbox_service",
            "status": "ACTIVE",
            "tags": {},
            "tags_all": {},
            "tracing_configuration": [
              {
                "enabled": false
              }
            ],
            "type": "STANDARD"
          },
          "sensitive_attributes": [],
          "private": "bnVsbA==",
          "dependencies": [
            "data.aws_iam_policy_document.stepfucntion_assume_role_policy",
            "aws_iam_role.register_sandbox"
          ]
        }
      ]
    }
  ]
}
